
Microsoft Visual Studio Solution File, Format Version 12.00
# Visual Studio Version 16
VisualStudioVersion = 16.0.29424.173
MinimumVisualStudioVersion = 10.0.40219.1
Project("{FAE04EC0-301F-11D3-BF4B-00C04F79EFBC}") = "Task1", "EpamTasks\Task1.csproj", "{F1BD493C-439D-474C-A7C4-F460FA35DC01}"
EndProject
Project("{FAE04EC0-301F-11D3-BF4B-00C04F79EFBC}") = "Task2", "Task2\Task2.csproj", "{6338CF95-4D51-4C48-ABDA-DF05215D6CC8}"
EndProject
Global
	GlobalSection(SolutionConfigurationPlatforms) = preSolution
		Debug|Any CPU = Debug|Any CPU
		Release|Any CPU = Release|Any CPU
	EndGlobalSection
	GlobalSection(ProjectConfigurationPlatforms) = postSolution
		{F1BD493C-439D-474C-A7C4-F460FA35DC01}.Debug|Any CPU.ActiveCfg = Debug|Any CPU
		{F1BD493C-439D-474C-A7C4-F460FA35DC01}.Debug|Any CPU.Build.0 = Debug|Any CPU
		{F1BD493C-439D-474C-A7C4-F460FA35DC01}.Release|Any CPU.ActiveCfg = Release|Any CPU
		{F1BD493C-439D-474C-A7C4-F460FA35DC01}.Release|Any CPU.Build.0 = Release|Any CPU
		{6338CF95-4D51-4C48-ABDA-DF05215D6CC8}.Debug|Any CPU.ActiveCfg = Debug|Any CPU
		{6338CF95-4D51-4C48-ABDA-DF05215D6CC8}.Debug|Any CPU.Build.0 = Debug|Any CPU
		{6338CF95-4D51-4C48-ABDA-DF05215D6CC8}.Release|Any CPU.ActiveCfg = Release|Any CPU
		{6338CF95-4D51-4C48-ABDA-DF05215D6CC8}.Release|Any CPU.Build.0 = Release|Any CPU
	EndGlobalSection
	GlobalSection(SolutionProperties) = preSolution
		HideSolutionNode = FALSE
	EndGlobalSection
	GlobalSection(ExtensibilityGlobals) = postSolution
		SolutionGuid = {B94901E3-701D-4550-89CB-48D08370F343}
	EndGlobalSection
EndGlobal
