
Microsoft Visual Studio Solution File, Format Version 12.00
# Visual Studio Version 16
VisualStudioVersion = 16.0.29424.173
MinimumVisualStudioVersion = 10.0.40219.1
Project("{FAE04EC0-301F-11D3-BF4B-00C04F79EFBC}") = "Task0", "Task0\Task0.csproj", "{F1BD493C-439D-474C-A7C4-F460FA35DC01}"
EndProject
Project("{FAE04EC0-301F-11D3-BF4B-00C04F79EFBC}") = "Task1", "Task1\Task1.csproj", "{6338CF95-4D51-4C48-ABDA-DF05215D6CC8}"
EndProject
Project("{FAE04EC0-301F-11D3-BF4B-00C04F79EFBC}") = "Task2", "Task2\Task2.csproj", "{0D72AFA7-167E-4C0E-B316-76E0F892957D}"
EndProject
Project("{FAE04EC0-301F-11D3-BF4B-00C04F79EFBC}") = "Task3", "Task3\Task3.csproj", "{438667A6-AA96-42C4-AD41-53435D5A181E}"
EndProject
Project("{FAE04EC0-301F-11D3-BF4B-00C04F79EFBC}") = "Task4", "Task4\Task4.csproj", "{AF99FE1C-D4E6-48E1-BA8F-CF53B3030F84}"
EndProject
Project("{FAE04EC0-301F-11D3-BF4B-00C04F79EFBC}") = "Task5", "Task5\Task5.csproj", "{862B8467-3FAB-4AE0-9A98-E354C3AAF5F1}"
EndProject
Project("{2150E333-8FDC-42A3-9474-1A3956D46DE8}") = "Task6", "Task6", "{404F34B5-8155-41E1-A9DC-0382398D7326}"
EndProject
Project("{9A19103F-16F7-4668-BE54-9A1E7A4F7556}") = "Users.BLL", "..\..\..\..\source\repos\EpamTask6.User.BLL\EpamTask6.User.BLL\Users.BLL.csproj", "{C5CF5DDB-F183-4FD1-B4AE-F3D011A8D4D5}"
EndProject
Project("{FAE04EC0-301F-11D3-BF4B-00C04F79EFBC}") = "Users.ConsolePL", "..\..\..\..\source\repos\EpamTask6.User.BLL\EpamTask6.User.ConsolePL\Users.ConsolePL.csproj", "{666DA75F-89CB-4347-A2AD-6F85E5441269}"
EndProject
Project("{9A19103F-16F7-4668-BE54-9A1E7A4F7556}") = "Users.DAL", "..\..\..\..\source\repos\EpamTask6.User.BLL\EpamTask6.User.DAL\Users.DAL.csproj", "{4AD58D39-390F-49ED-B14E-8DBC555AE4B6}"
EndProject
Project("{9A19103F-16F7-4668-BE54-9A1E7A4F7556}") = "Users.Dao.Interfaces", "..\..\..\..\source\repos\EpamTask6.User.BLL\EpamTask6.User.DAO.Interfaces\Users.Dao.Interfaces.csproj", "{2F52DD3A-8915-4A2E-BF50-785F7AECB68B}"
EndProject
Project("{9A19103F-16F7-4668-BE54-9A1E7A4F7556}") = "Users.Entities", "..\..\..\..\source\repos\EpamTask6.User.BLL\EpamTask6.User.Entities\Users.Entities.csproj", "{87A9C2CE-1880-45CA-8CD7-EC26DA29D939}"
EndProject
Project("{9A19103F-16F7-4668-BE54-9A1E7A4F7556}") = "Users.BLL.Interfaces", "..\..\..\..\source\repos\EpamTask6.User.BLL\User.BLL.Interfaces\Users.BLL.Interfaces.csproj", "{D87E26F0-BFED-491D-B26A-4705BC3A6143}"
EndProject
Project("{9A19103F-16F7-4668-BE54-9A1E7A4F7556}") = "Users.Ioc", "..\..\..\..\source\repos\EpamTask6.User.BLL\Users.Ioc\Users.Ioc.csproj", "{8059EAA8-9F33-4749-A591-EFAF466BAD1B}"
EndProject
Project("{2150E333-8FDC-42A3-9474-1A3956D46DE8}") = "Bll", "Bll", "{DE422F86-B9FA-4E58-AD3D-31D61F74C250}"
EndProject
Project("{2150E333-8FDC-42A3-9474-1A3956D46DE8}") = "DAL", "DAL", "{5A1ADC04-171C-48EA-8DB3-B13523370B95}"
EndProject
Project("{2150E333-8FDC-42A3-9474-1A3956D46DE8}") = "Entities", "Entities", "{292A532E-FE36-4B61-B60C-1A660611FBD8}"
EndProject
Project("{2150E333-8FDC-42A3-9474-1A3956D46DE8}") = "PL", "PL", "{9F5B0A10-ACB7-4061-B3BE-D9F2817F8ACB}"
EndProject
Project("{2150E333-8FDC-42A3-9474-1A3956D46DE8}") = "Dependency Resolver", "Dependency Resolver", "{263C784E-95B4-4D03-A46C-FEE8ADAE43A3}"
EndProject
Global
	GlobalSection(SolutionConfigurationPlatforms) = preSolution
		Debug|Any CPU = Debug|Any CPU
		Release|Any CPU = Release|Any CPU
	EndGlobalSection
	GlobalSection(ProjectConfigurationPlatforms) = postSolution
		{F1BD493C-439D-474C-A7C4-F460FA35DC01}.Debug|Any CPU.ActiveCfg = Debug|Any CPU
		{F1BD493C-439D-474C-A7C4-F460FA35DC01}.Debug|Any CPU.Build.0 = Debug|Any CPU
		{F1BD493C-439D-474C-A7C4-F460FA35DC01}.Release|Any CPU.ActiveCfg = Release|Any CPU
		{F1BD493C-439D-474C-A7C4-F460FA35DC01}.Release|Any CPU.Build.0 = Release|Any CPU
		{6338CF95-4D51-4C48-ABDA-DF05215D6CC8}.Debug|Any CPU.ActiveCfg = Debug|Any CPU
		{6338CF95-4D51-4C48-ABDA-DF05215D6CC8}.Debug|Any CPU.Build.0 = Debug|Any CPU
		{6338CF95-4D51-4C48-ABDA-DF05215D6CC8}.Release|Any CPU.ActiveCfg = Release|Any CPU
		{6338CF95-4D51-4C48-ABDA-DF05215D6CC8}.Release|Any CPU.Build.0 = Release|Any CPU
		{0D72AFA7-167E-4C0E-B316-76E0F892957D}.Debug|Any CPU.ActiveCfg = Debug|Any CPU
		{0D72AFA7-167E-4C0E-B316-76E0F892957D}.Debug|Any CPU.Build.0 = Debug|Any CPU
		{0D72AFA7-167E-4C0E-B316-76E0F892957D}.Release|Any CPU.ActiveCfg = Release|Any CPU
		{0D72AFA7-167E-4C0E-B316-76E0F892957D}.Release|Any CPU.Build.0 = Release|Any CPU
		{438667A6-AA96-42C4-AD41-53435D5A181E}.Debug|Any CPU.ActiveCfg = Debug|Any CPU
		{438667A6-AA96-42C4-AD41-53435D5A181E}.Debug|Any CPU.Build.0 = Debug|Any CPU
		{438667A6-AA96-42C4-AD41-53435D5A181E}.Release|Any CPU.ActiveCfg = Release|Any CPU
		{438667A6-AA96-42C4-AD41-53435D5A181E}.Release|Any CPU.Build.0 = Release|Any CPU
		{AF99FE1C-D4E6-48E1-BA8F-CF53B3030F84}.Debug|Any CPU.ActiveCfg = Debug|Any CPU
		{AF99FE1C-D4E6-48E1-BA8F-CF53B3030F84}.Debug|Any CPU.Build.0 = Debug|Any CPU
		{AF99FE1C-D4E6-48E1-BA8F-CF53B3030F84}.Release|Any CPU.ActiveCfg = Release|Any CPU
		{AF99FE1C-D4E6-48E1-BA8F-CF53B3030F84}.Release|Any CPU.Build.0 = Release|Any CPU
		{862B8467-3FAB-4AE0-9A98-E354C3AAF5F1}.Debug|Any CPU.ActiveCfg = Debug|Any CPU
		{862B8467-3FAB-4AE0-9A98-E354C3AAF5F1}.Debug|Any CPU.Build.0 = Debug|Any CPU
		{862B8467-3FAB-4AE0-9A98-E354C3AAF5F1}.Release|Any CPU.ActiveCfg = Release|Any CPU
		{862B8467-3FAB-4AE0-9A98-E354C3AAF5F1}.Release|Any CPU.Build.0 = Release|Any CPU
		{C5CF5DDB-F183-4FD1-B4AE-F3D011A8D4D5}.Debug|Any CPU.ActiveCfg = Debug|Any CPU
		{C5CF5DDB-F183-4FD1-B4AE-F3D011A8D4D5}.Debug|Any CPU.Build.0 = Debug|Any CPU
		{C5CF5DDB-F183-4FD1-B4AE-F3D011A8D4D5}.Release|Any CPU.ActiveCfg = Release|Any CPU
		{C5CF5DDB-F183-4FD1-B4AE-F3D011A8D4D5}.Release|Any CPU.Build.0 = Release|Any CPU
		{666DA75F-89CB-4347-A2AD-6F85E5441269}.Debug|Any CPU.ActiveCfg = Debug|Any CPU
		{666DA75F-89CB-4347-A2AD-6F85E5441269}.Debug|Any CPU.Build.0 = Debug|Any CPU
		{666DA75F-89CB-4347-A2AD-6F85E5441269}.Release|Any CPU.ActiveCfg = Release|Any CPU
		{666DA75F-89CB-4347-A2AD-6F85E5441269}.Release|Any CPU.Build.0 = Release|Any CPU
		{4AD58D39-390F-49ED-B14E-8DBC555AE4B6}.Debug|Any CPU.ActiveCfg = Debug|Any CPU
		{4AD58D39-390F-49ED-B14E-8DBC555AE4B6}.Debug|Any CPU.Build.0 = Debug|Any CPU
		{4AD58D39-390F-49ED-B14E-8DBC555AE4B6}.Release|Any CPU.ActiveCfg = Release|Any CPU
		{4AD58D39-390F-49ED-B14E-8DBC555AE4B6}.Release|Any CPU.Build.0 = Release|Any CPU
		{2F52DD3A-8915-4A2E-BF50-785F7AECB68B}.Debug|Any CPU.ActiveCfg = Debug|Any CPU
		{2F52DD3A-8915-4A2E-BF50-785F7AECB68B}.Debug|Any CPU.Build.0 = Debug|Any CPU
		{2F52DD3A-8915-4A2E-BF50-785F7AECB68B}.Release|Any CPU.ActiveCfg = Release|Any CPU
		{2F52DD3A-8915-4A2E-BF50-785F7AECB68B}.Release|Any CPU.Build.0 = Release|Any CPU
		{87A9C2CE-1880-45CA-8CD7-EC26DA29D939}.Debug|Any CPU.ActiveCfg = Debug|Any CPU
		{87A9C2CE-1880-45CA-8CD7-EC26DA29D939}.Debug|Any CPU.Build.0 = Debug|Any CPU
		{87A9C2CE-1880-45CA-8CD7-EC26DA29D939}.Release|Any CPU.ActiveCfg = Release|Any CPU
		{87A9C2CE-1880-45CA-8CD7-EC26DA29D939}.Release|Any CPU.Build.0 = Release|Any CPU
		{D87E26F0-BFED-491D-B26A-4705BC3A6143}.Debug|Any CPU.ActiveCfg = Debug|Any CPU
		{D87E26F0-BFED-491D-B26A-4705BC3A6143}.Debug|Any CPU.Build.0 = Debug|Any CPU
		{D87E26F0-BFED-491D-B26A-4705BC3A6143}.Release|Any CPU.ActiveCfg = Release|Any CPU
		{D87E26F0-BFED-491D-B26A-4705BC3A6143}.Release|Any CPU.Build.0 = Release|Any CPU
		{8059EAA8-9F33-4749-A591-EFAF466BAD1B}.Debug|Any CPU.ActiveCfg = Debug|Any CPU
		{8059EAA8-9F33-4749-A591-EFAF466BAD1B}.Debug|Any CPU.Build.0 = Debug|Any CPU
		{8059EAA8-9F33-4749-A591-EFAF466BAD1B}.Release|Any CPU.ActiveCfg = Release|Any CPU
		{8059EAA8-9F33-4749-A591-EFAF466BAD1B}.Release|Any CPU.Build.0 = Release|Any CPU
	EndGlobalSection
	GlobalSection(SolutionProperties) = preSolution
		HideSolutionNode = FALSE
	EndGlobalSection
	GlobalSection(NestedProjects) = preSolution
		{C5CF5DDB-F183-4FD1-B4AE-F3D011A8D4D5} = {DE422F86-B9FA-4E58-AD3D-31D61F74C250}
		{666DA75F-89CB-4347-A2AD-6F85E5441269} = {9F5B0A10-ACB7-4061-B3BE-D9F2817F8ACB}
		{4AD58D39-390F-49ED-B14E-8DBC555AE4B6} = {5A1ADC04-171C-48EA-8DB3-B13523370B95}
		{2F52DD3A-8915-4A2E-BF50-785F7AECB68B} = {5A1ADC04-171C-48EA-8DB3-B13523370B95}
		{87A9C2CE-1880-45CA-8CD7-EC26DA29D939} = {292A532E-FE36-4B61-B60C-1A660611FBD8}
		{D87E26F0-BFED-491D-B26A-4705BC3A6143} = {DE422F86-B9FA-4E58-AD3D-31D61F74C250}
		{8059EAA8-9F33-4749-A591-EFAF466BAD1B} = {263C784E-95B4-4D03-A46C-FEE8ADAE43A3}
		{DE422F86-B9FA-4E58-AD3D-31D61F74C250} = {404F34B5-8155-41E1-A9DC-0382398D7326}
		{5A1ADC04-171C-48EA-8DB3-B13523370B95} = {404F34B5-8155-41E1-A9DC-0382398D7326}
		{292A532E-FE36-4B61-B60C-1A660611FBD8} = {404F34B5-8155-41E1-A9DC-0382398D7326}
		{9F5B0A10-ACB7-4061-B3BE-D9F2817F8ACB} = {404F34B5-8155-41E1-A9DC-0382398D7326}
		{263C784E-95B4-4D03-A46C-FEE8ADAE43A3} = {404F34B5-8155-41E1-A9DC-0382398D7326}
	EndGlobalSection
	GlobalSection(ExtensibilityGlobals) = postSolution
		SolutionGuid = {B94901E3-701D-4550-89CB-48D08370F343}
	EndGlobalSection
EndGlobal
