
Microsoft Visual Studio Solution File, Format Version 12.00
# Visual Studio Version 16
VisualStudioVersion = 16.0.29424.173
MinimumVisualStudioVersion = 10.0.40219.1
Project("{FAE04EC0-301F-11D3-BF4B-00C04F79EFBC}") = "Task0", "Task0\Task0.csproj", "{F1BD493C-439D-474C-A7C4-F460FA35DC01}"
EndProject
Project("{FAE04EC0-301F-11D3-BF4B-00C04F79EFBC}") = "Task1", "Task1\Task1.csproj", "{6338CF95-4D51-4C48-ABDA-DF05215D6CC8}"
EndProject
Project("{FAE04EC0-301F-11D3-BF4B-00C04F79EFBC}") = "Task2", "Task2\Task2.csproj", "{0D72AFA7-167E-4C0E-B316-76E0F892957D}"
EndProject
Project("{FAE04EC0-301F-11D3-BF4B-00C04F79EFBC}") = "Task3", "Task3\Task3.csproj", "{438667A6-AA96-42C4-AD41-53435D5A181E}"
EndProject
Project("{FAE04EC0-301F-11D3-BF4B-00C04F79EFBC}") = "Task4", "Task4\Task4.csproj", "{AF99FE1C-D4E6-48E1-BA8F-CF53B3030F84}"
EndProject
Project("{FAE04EC0-301F-11D3-BF4B-00C04F79EFBC}") = "Task5", "Task5\Task5.csproj", "{862B8467-3FAB-4AE0-9A98-E354C3AAF5F1}"
EndProject
Project("{FAE04EC0-301F-11D3-BF4B-00C04F79EFBC}") = "Task7", "Task7\Task7.csproj", "{06FEFB97-3287-466F-9903-A29FED5E068E}"
EndProject
Project("{2150E333-8FDC-42A3-9474-1A3956D46DE8}") = "Task6", "Task6", "{5C7E58FE-D2D4-45A9-8246-A3EA2C252BB0}"
EndProject
Project("{2150E333-8FDC-42A3-9474-1A3956D46DE8}") = "EpamTask6.User.BLL", "EpamTask6.User.BLL", "{1AC9F2FA-CCCE-475C-B126-FF892C93921C}"
EndProject
Project("{2150E333-8FDC-42A3-9474-1A3956D46DE8}") = "EpamTask6.User.ConsolePL", "EpamTask6.User.ConsolePL", "{7D67E443-73DB-4CFF-A395-792DBA08CC08}"
EndProject
Project("{2150E333-8FDC-42A3-9474-1A3956D46DE8}") = "EpamTask6.User.DAL", "EpamTask6.User.DAL", "{E3481D29-D0E1-4AE8-AE39-8D16DDBF602A}"
EndProject
Project("{2150E333-8FDC-42A3-9474-1A3956D46DE8}") = "EpamTask6.User.DAO.Interfaces", "EpamTask6.User.DAO.Interfaces", "{F0E6AAAB-FE71-4BD7-B0E0-CFA5F8229250}"
EndProject
Project("{2150E333-8FDC-42A3-9474-1A3956D46DE8}") = "User.BLL.Interfaces", "User.BLL.Interfaces", "{302897A7-0666-4500-93D0-FF9DBEBC5E1D}"
EndProject
Project("{2150E333-8FDC-42A3-9474-1A3956D46DE8}") = "EpamTask6.User.Entities", "EpamTask6.User.Entities", "{B7217342-B6B4-4E60-A81B-CDE05A0E8029}"
EndProject
Project("{2150E333-8FDC-42A3-9474-1A3956D46DE8}") = "Users.Ioc", "Users.Ioc", "{39CAFE55-1729-45EC-AE39-FA4B64FF6BE6}"
EndProject
Project("{9A19103F-16F7-4668-BE54-9A1E7A4F7556}") = "Users.BLL", "Task6\EpamTask6.User.BLL\Users.BLL.csproj", "{C2DCA563-8C14-4554-A6EF-4FF00311D613}"
EndProject
Project("{FAE04EC0-301F-11D3-BF4B-00C04F79EFBC}") = "Users.ConsolePL", "Task6\EpamTask6.User.ConsolePL\Users.ConsolePL.csproj", "{666DA75F-89CB-4347-A2AD-6F85E5441269}"
EndProject
Project("{9A19103F-16F7-4668-BE54-9A1E7A4F7556}") = "Users.DAL", "Task6\EpamTask6.User.DAL\Users.DAL.csproj", "{A45DE091-D202-42B9-83BB-880FA400DDBB}"
EndProject
Project("{9A19103F-16F7-4668-BE54-9A1E7A4F7556}") = "Users.Dao.Interfaces", "Task6\EpamTask6.User.DAO.Interfaces\Users.Dao.Interfaces.csproj", "{7F066856-94DF-4CD2-AAE4-C90118DDC31D}"
EndProject
Project("{9A19103F-16F7-4668-BE54-9A1E7A4F7556}") = "Users.Entities", "Task6\EpamTask6.User.Entities\Users.Entities.csproj", "{626CE2A7-CC44-4BBB-9C92-96D8889A0B68}"
EndProject
Project("{9A19103F-16F7-4668-BE54-9A1E7A4F7556}") = "Users.BLL.Interfaces", "Task6\User.BLL.Interfaces\Users.BLL.Interfaces.csproj", "{80A768EE-87A1-477D-9951-86F37F881B8C}"
EndProject
Project("{9A19103F-16F7-4668-BE54-9A1E7A4F7556}") = "Users.Ioc", "Task6\Users.Ioc\Users.Ioc.csproj", "{4A1FC2C9-1548-4EF9-BAEA-512BEDE54AF1}"
EndProject
Project("{FAE04EC0-301F-11D3-BF4B-00C04F79EFBC}") = "Task10", "Task10\Task10.csproj", "{959917D5-1A78-4478-A44C-7FF62BA1845F}"
	ProjectSection(ProjectDependencies) = postProject
		{C2DCA563-8C14-4554-A6EF-4FF00311D613} = {C2DCA563-8C14-4554-A6EF-4FF00311D613}
		{626CE2A7-CC44-4BBB-9C92-96D8889A0B68} = {626CE2A7-CC44-4BBB-9C92-96D8889A0B68}
		{4A1FC2C9-1548-4EF9-BAEA-512BEDE54AF1} = {4A1FC2C9-1548-4EF9-BAEA-512BEDE54AF1}
		{80A768EE-87A1-477D-9951-86F37F881B8C} = {80A768EE-87A1-477D-9951-86F37F881B8C}
	EndProjectSection
EndProject
Project("{FAE04EC0-301F-11D3-BF4B-00C04F79EFBC}") = "Task11.DAL", "Task11.DAL\Task11.DAL.csproj", "{9B6459F2-612F-4F65-89CC-87302B486F14}"
EndProject
Project("{FAE04EC0-301F-11D3-BF4B-00C04F79EFBC}") = "Task11.DAL.Interfaces", "Task11.DAL.Interfaces\Task11.DAL.Interfaces.csproj", "{0776F4FE-833D-4AF9-A30C-85D944D7C146}"
EndProject
Project("{FAE04EC0-301F-11D3-BF4B-00C04F79EFBC}") = "Task11.BLL", "Task11.BLL\Task11.BLL.csproj", "{946CCA39-31DD-4903-912B-7FF0EABF6B26}"
EndProject
Project("{FAE04EC0-301F-11D3-BF4B-00C04F79EFBC}") = "Task11.BLL.Interfaces", "Task11.BLL.Interfaces\Task11.BLL.Interfaces.csproj", "{300A6393-20C1-43E9-88CC-6C15A921AE5A}"
EndProject
Project("{FAE04EC0-301F-11D3-BF4B-00C04F79EFBC}") = "Task11.Entities", "Task11.Entities\Task11.Entities.csproj", "{CC6C951B-CFC7-468B-A775-E4B35F1CD532}"
EndProject
Project("{2150E333-8FDC-42A3-9474-1A3956D46DE8}") = "Bll", "Bll", "{E131754E-CBB9-4308-AB45-3384E9C81141}"
EndProject
Project("{2150E333-8FDC-42A3-9474-1A3956D46DE8}") = "DAL", "DAL", "{B6EB0CB0-FCE1-475B-8831-25F70ECC67AC}"
EndProject
Project("{2150E333-8FDC-42A3-9474-1A3956D46DE8}") = "Common", "Common", "{B9693D58-F0E0-4163-B96B-9B8E316CC8CA}"
EndProject
Project("{2150E333-8FDC-42A3-9474-1A3956D46DE8}") = "Task11", "Task11", "{FB2ED44D-CD13-4F2D-83F8-D777CD3A2C4A}"
EndProject
Project("{FAE04EC0-301F-11D3-BF4B-00C04F79EFBC}") = "Task11.User.Ioc", "Student.Ioc\Task11.User.Ioc.csproj", "{E830C111-5796-4561-9E6F-C266A5F8EBD9}"
EndProject
Global
	GlobalSection(SolutionConfigurationPlatforms) = preSolution
		Debug|Any CPU = Debug|Any CPU
		Release|Any CPU = Release|Any CPU
	EndGlobalSection
	GlobalSection(ProjectConfigurationPlatforms) = postSolution
		{F1BD493C-439D-474C-A7C4-F460FA35DC01}.Debug|Any CPU.ActiveCfg = Debug|Any CPU
		{F1BD493C-439D-474C-A7C4-F460FA35DC01}.Debug|Any CPU.Build.0 = Debug|Any CPU
		{F1BD493C-439D-474C-A7C4-F460FA35DC01}.Release|Any CPU.ActiveCfg = Release|Any CPU
		{F1BD493C-439D-474C-A7C4-F460FA35DC01}.Release|Any CPU.Build.0 = Release|Any CPU
		{6338CF95-4D51-4C48-ABDA-DF05215D6CC8}.Debug|Any CPU.ActiveCfg = Debug|Any CPU
		{6338CF95-4D51-4C48-ABDA-DF05215D6CC8}.Debug|Any CPU.Build.0 = Debug|Any CPU
		{6338CF95-4D51-4C48-ABDA-DF05215D6CC8}.Release|Any CPU.ActiveCfg = Release|Any CPU
		{6338CF95-4D51-4C48-ABDA-DF05215D6CC8}.Release|Any CPU.Build.0 = Release|Any CPU
		{0D72AFA7-167E-4C0E-B316-76E0F892957D}.Debug|Any CPU.ActiveCfg = Debug|Any CPU
		{0D72AFA7-167E-4C0E-B316-76E0F892957D}.Debug|Any CPU.Build.0 = Debug|Any CPU
		{0D72AFA7-167E-4C0E-B316-76E0F892957D}.Release|Any CPU.ActiveCfg = Release|Any CPU
		{0D72AFA7-167E-4C0E-B316-76E0F892957D}.Release|Any CPU.Build.0 = Release|Any CPU
		{438667A6-AA96-42C4-AD41-53435D5A181E}.Debug|Any CPU.ActiveCfg = Debug|Any CPU
		{438667A6-AA96-42C4-AD41-53435D5A181E}.Debug|Any CPU.Build.0 = Debug|Any CPU
		{438667A6-AA96-42C4-AD41-53435D5A181E}.Release|Any CPU.ActiveCfg = Release|Any CPU
		{438667A6-AA96-42C4-AD41-53435D5A181E}.Release|Any CPU.Build.0 = Release|Any CPU
		{AF99FE1C-D4E6-48E1-BA8F-CF53B3030F84}.Debug|Any CPU.ActiveCfg = Debug|Any CPU
		{AF99FE1C-D4E6-48E1-BA8F-CF53B3030F84}.Debug|Any CPU.Build.0 = Debug|Any CPU
		{AF99FE1C-D4E6-48E1-BA8F-CF53B3030F84}.Release|Any CPU.ActiveCfg = Release|Any CPU
		{AF99FE1C-D4E6-48E1-BA8F-CF53B3030F84}.Release|Any CPU.Build.0 = Release|Any CPU
		{862B8467-3FAB-4AE0-9A98-E354C3AAF5F1}.Debug|Any CPU.ActiveCfg = Debug|Any CPU
		{862B8467-3FAB-4AE0-9A98-E354C3AAF5F1}.Debug|Any CPU.Build.0 = Debug|Any CPU
		{862B8467-3FAB-4AE0-9A98-E354C3AAF5F1}.Release|Any CPU.ActiveCfg = Release|Any CPU
		{862B8467-3FAB-4AE0-9A98-E354C3AAF5F1}.Release|Any CPU.Build.0 = Release|Any CPU
		{06FEFB97-3287-466F-9903-A29FED5E068E}.Debug|Any CPU.ActiveCfg = Debug|Any CPU
		{06FEFB97-3287-466F-9903-A29FED5E068E}.Debug|Any CPU.Build.0 = Debug|Any CPU
		{06FEFB97-3287-466F-9903-A29FED5E068E}.Release|Any CPU.ActiveCfg = Release|Any CPU
		{06FEFB97-3287-466F-9903-A29FED5E068E}.Release|Any CPU.Build.0 = Release|Any CPU
		{C2DCA563-8C14-4554-A6EF-4FF00311D613}.Debug|Any CPU.ActiveCfg = Debug|Any CPU
		{C2DCA563-8C14-4554-A6EF-4FF00311D613}.Debug|Any CPU.Build.0 = Debug|Any CPU
		{C2DCA563-8C14-4554-A6EF-4FF00311D613}.Release|Any CPU.ActiveCfg = Release|Any CPU
		{C2DCA563-8C14-4554-A6EF-4FF00311D613}.Release|Any CPU.Build.0 = Release|Any CPU
		{666DA75F-89CB-4347-A2AD-6F85E5441269}.Debug|Any CPU.ActiveCfg = Debug|Any CPU
		{666DA75F-89CB-4347-A2AD-6F85E5441269}.Debug|Any CPU.Build.0 = Debug|Any CPU
		{666DA75F-89CB-4347-A2AD-6F85E5441269}.Release|Any CPU.ActiveCfg = Release|Any CPU
		{666DA75F-89CB-4347-A2AD-6F85E5441269}.Release|Any CPU.Build.0 = Release|Any CPU
		{A45DE091-D202-42B9-83BB-880FA400DDBB}.Debug|Any CPU.ActiveCfg = Debug|Any CPU
		{A45DE091-D202-42B9-83BB-880FA400DDBB}.Debug|Any CPU.Build.0 = Debug|Any CPU
		{A45DE091-D202-42B9-83BB-880FA400DDBB}.Release|Any CPU.ActiveCfg = Release|Any CPU
		{A45DE091-D202-42B9-83BB-880FA400DDBB}.Release|Any CPU.Build.0 = Release|Any CPU
		{7F066856-94DF-4CD2-AAE4-C90118DDC31D}.Debug|Any CPU.ActiveCfg = Debug|Any CPU
		{7F066856-94DF-4CD2-AAE4-C90118DDC31D}.Debug|Any CPU.Build.0 = Debug|Any CPU
		{7F066856-94DF-4CD2-AAE4-C90118DDC31D}.Release|Any CPU.ActiveCfg = Release|Any CPU
		{7F066856-94DF-4CD2-AAE4-C90118DDC31D}.Release|Any CPU.Build.0 = Release|Any CPU
		{626CE2A7-CC44-4BBB-9C92-96D8889A0B68}.Debug|Any CPU.ActiveCfg = Debug|Any CPU
		{626CE2A7-CC44-4BBB-9C92-96D8889A0B68}.Debug|Any CPU.Build.0 = Debug|Any CPU
		{626CE2A7-CC44-4BBB-9C92-96D8889A0B68}.Release|Any CPU.ActiveCfg = Release|Any CPU
		{626CE2A7-CC44-4BBB-9C92-96D8889A0B68}.Release|Any CPU.Build.0 = Release|Any CPU
		{80A768EE-87A1-477D-9951-86F37F881B8C}.Debug|Any CPU.ActiveCfg = Debug|Any CPU
		{80A768EE-87A1-477D-9951-86F37F881B8C}.Debug|Any CPU.Build.0 = Debug|Any CPU
		{80A768EE-87A1-477D-9951-86F37F881B8C}.Release|Any CPU.ActiveCfg = Release|Any CPU
		{80A768EE-87A1-477D-9951-86F37F881B8C}.Release|Any CPU.Build.0 = Release|Any CPU
		{4A1FC2C9-1548-4EF9-BAEA-512BEDE54AF1}.Debug|Any CPU.ActiveCfg = Debug|Any CPU
		{4A1FC2C9-1548-4EF9-BAEA-512BEDE54AF1}.Debug|Any CPU.Build.0 = Debug|Any CPU
		{4A1FC2C9-1548-4EF9-BAEA-512BEDE54AF1}.Release|Any CPU.ActiveCfg = Release|Any CPU
		{4A1FC2C9-1548-4EF9-BAEA-512BEDE54AF1}.Release|Any CPU.Build.0 = Release|Any CPU
		{959917D5-1A78-4478-A44C-7FF62BA1845F}.Debug|Any CPU.ActiveCfg = Debug|Any CPU
		{959917D5-1A78-4478-A44C-7FF62BA1845F}.Debug|Any CPU.Build.0 = Debug|Any CPU
		{959917D5-1A78-4478-A44C-7FF62BA1845F}.Release|Any CPU.ActiveCfg = Release|Any CPU
		{959917D5-1A78-4478-A44C-7FF62BA1845F}.Release|Any CPU.Build.0 = Release|Any CPU
		{9B6459F2-612F-4F65-89CC-87302B486F14}.Debug|Any CPU.ActiveCfg = Debug|Any CPU
		{9B6459F2-612F-4F65-89CC-87302B486F14}.Debug|Any CPU.Build.0 = Debug|Any CPU
		{9B6459F2-612F-4F65-89CC-87302B486F14}.Release|Any CPU.ActiveCfg = Release|Any CPU
		{9B6459F2-612F-4F65-89CC-87302B486F14}.Release|Any CPU.Build.0 = Release|Any CPU
		{0776F4FE-833D-4AF9-A30C-85D944D7C146}.Debug|Any CPU.ActiveCfg = Debug|Any CPU
		{0776F4FE-833D-4AF9-A30C-85D944D7C146}.Debug|Any CPU.Build.0 = Debug|Any CPU
		{0776F4FE-833D-4AF9-A30C-85D944D7C146}.Release|Any CPU.ActiveCfg = Release|Any CPU
		{0776F4FE-833D-4AF9-A30C-85D944D7C146}.Release|Any CPU.Build.0 = Release|Any CPU
		{946CCA39-31DD-4903-912B-7FF0EABF6B26}.Debug|Any CPU.ActiveCfg = Debug|Any CPU
		{946CCA39-31DD-4903-912B-7FF0EABF6B26}.Debug|Any CPU.Build.0 = Debug|Any CPU
		{946CCA39-31DD-4903-912B-7FF0EABF6B26}.Release|Any CPU.ActiveCfg = Release|Any CPU
		{946CCA39-31DD-4903-912B-7FF0EABF6B26}.Release|Any CPU.Build.0 = Release|Any CPU
		{300A6393-20C1-43E9-88CC-6C15A921AE5A}.Debug|Any CPU.ActiveCfg = Debug|Any CPU
		{300A6393-20C1-43E9-88CC-6C15A921AE5A}.Debug|Any CPU.Build.0 = Debug|Any CPU
		{300A6393-20C1-43E9-88CC-6C15A921AE5A}.Release|Any CPU.ActiveCfg = Release|Any CPU
		{300A6393-20C1-43E9-88CC-6C15A921AE5A}.Release|Any CPU.Build.0 = Release|Any CPU
		{CC6C951B-CFC7-468B-A775-E4B35F1CD532}.Debug|Any CPU.ActiveCfg = Debug|Any CPU
		{CC6C951B-CFC7-468B-A775-E4B35F1CD532}.Debug|Any CPU.Build.0 = Debug|Any CPU
		{CC6C951B-CFC7-468B-A775-E4B35F1CD532}.Release|Any CPU.ActiveCfg = Release|Any CPU
		{CC6C951B-CFC7-468B-A775-E4B35F1CD532}.Release|Any CPU.Build.0 = Release|Any CPU
		{E830C111-5796-4561-9E6F-C266A5F8EBD9}.Debug|Any CPU.ActiveCfg = Debug|Any CPU
		{E830C111-5796-4561-9E6F-C266A5F8EBD9}.Debug|Any CPU.Build.0 = Debug|Any CPU
		{E830C111-5796-4561-9E6F-C266A5F8EBD9}.Release|Any CPU.ActiveCfg = Release|Any CPU
		{E830C111-5796-4561-9E6F-C266A5F8EBD9}.Release|Any CPU.Build.0 = Release|Any CPU
	EndGlobalSection
	GlobalSection(SolutionProperties) = preSolution
		HideSolutionNode = FALSE
	EndGlobalSection
	GlobalSection(NestedProjects) = preSolution
		{1AC9F2FA-CCCE-475C-B126-FF892C93921C} = {5C7E58FE-D2D4-45A9-8246-A3EA2C252BB0}
		{7D67E443-73DB-4CFF-A395-792DBA08CC08} = {5C7E58FE-D2D4-45A9-8246-A3EA2C252BB0}
		{E3481D29-D0E1-4AE8-AE39-8D16DDBF602A} = {5C7E58FE-D2D4-45A9-8246-A3EA2C252BB0}
		{F0E6AAAB-FE71-4BD7-B0E0-CFA5F8229250} = {5C7E58FE-D2D4-45A9-8246-A3EA2C252BB0}
		{302897A7-0666-4500-93D0-FF9DBEBC5E1D} = {5C7E58FE-D2D4-45A9-8246-A3EA2C252BB0}
		{B7217342-B6B4-4E60-A81B-CDE05A0E8029} = {5C7E58FE-D2D4-45A9-8246-A3EA2C252BB0}
		{39CAFE55-1729-45EC-AE39-FA4B64FF6BE6} = {5C7E58FE-D2D4-45A9-8246-A3EA2C252BB0}
		{C2DCA563-8C14-4554-A6EF-4FF00311D613} = {1AC9F2FA-CCCE-475C-B126-FF892C93921C}
		{666DA75F-89CB-4347-A2AD-6F85E5441269} = {7D67E443-73DB-4CFF-A395-792DBA08CC08}
		{A45DE091-D202-42B9-83BB-880FA400DDBB} = {E3481D29-D0E1-4AE8-AE39-8D16DDBF602A}
		{7F066856-94DF-4CD2-AAE4-C90118DDC31D} = {F0E6AAAB-FE71-4BD7-B0E0-CFA5F8229250}
		{626CE2A7-CC44-4BBB-9C92-96D8889A0B68} = {B7217342-B6B4-4E60-A81B-CDE05A0E8029}
		{80A768EE-87A1-477D-9951-86F37F881B8C} = {302897A7-0666-4500-93D0-FF9DBEBC5E1D}
		{4A1FC2C9-1548-4EF9-BAEA-512BEDE54AF1} = {39CAFE55-1729-45EC-AE39-FA4B64FF6BE6}
		{9B6459F2-612F-4F65-89CC-87302B486F14} = {B6EB0CB0-FCE1-475B-8831-25F70ECC67AC}
		{0776F4FE-833D-4AF9-A30C-85D944D7C146} = {B6EB0CB0-FCE1-475B-8831-25F70ECC67AC}
		{946CCA39-31DD-4903-912B-7FF0EABF6B26} = {E131754E-CBB9-4308-AB45-3384E9C81141}
		{300A6393-20C1-43E9-88CC-6C15A921AE5A} = {E131754E-CBB9-4308-AB45-3384E9C81141}
		{CC6C951B-CFC7-468B-A775-E4B35F1CD532} = {B9693D58-F0E0-4163-B96B-9B8E316CC8CA}
		{E131754E-CBB9-4308-AB45-3384E9C81141} = {FB2ED44D-CD13-4F2D-83F8-D777CD3A2C4A}
		{B6EB0CB0-FCE1-475B-8831-25F70ECC67AC} = {FB2ED44D-CD13-4F2D-83F8-D777CD3A2C4A}
		{B9693D58-F0E0-4163-B96B-9B8E316CC8CA} = {FB2ED44D-CD13-4F2D-83F8-D777CD3A2C4A}
		{E830C111-5796-4561-9E6F-C266A5F8EBD9} = {B9693D58-F0E0-4163-B96B-9B8E316CC8CA}
	EndGlobalSection
	GlobalSection(ExtensibilityGlobals) = postSolution
		SolutionGuid = {B94901E3-701D-4550-89CB-48D08370F343}
	EndGlobalSection
EndGlobal
